
Microsoft Visual Studio Solution File, Format Version 12.00
# Visual Studio Version 17
VisualStudioVersion = 17.3.32825.248
MinimumVisualStudioVersion = 10.0.40219.1
Project("{FAE04EC0-301F-11D3-BF4B-00C04F79EFBC}") = "API_Parser", "API_Parser\API_Parser.csproj", "{15E10F1A-D424-4DC2-9F7D-60C0445ECC49}"
EndProject
Global
	GlobalSection(SolutionConfigurationPlatforms) = preSolution
		Debug|Any CPU = Debug|Any CPU
		Release|Any CPU = Release|Any CPU
	EndGlobalSection
	GlobalSection(ProjectConfigurationPlatforms) = postSolution
		{15E10F1A-D424-4DC2-9F7D-60C0445ECC49}.Debug|Any CPU.ActiveCfg = Debug|Any CPU
		{15E10F1A-D424-4DC2-9F7D-60C0445ECC49}.Debug|Any CPU.Build.0 = Debug|Any CPU
		{15E10F1A-D424-4DC2-9F7D-60C0445ECC49}.Release|Any CPU.ActiveCfg = Release|Any CPU
		{15E10F1A-D424-4DC2-9F7D-60C0445ECC49}.Release|Any CPU.Build.0 = Release|Any CPU
	EndGlobalSection
	GlobalSection(SolutionProperties) = preSolution
		HideSolutionNode = FALSE
	EndGlobalSection
	GlobalSection(ExtensibilityGlobals) = postSolution
		SolutionGuid = {3E1D6B39-7E62-45DB-A79C-41ED3F3A4BE6}
	EndGlobalSection
EndGlobal
